
Microsoft Visual Studio Solution File, Format Version 12.00
# Visual Studio 2012
Project("{FAE04EC0-301F-11D3-BF4B-00C04F79EFBC}") = "SqlDataReaderToObject", "SqlDataReaderToObject\SqlDataReaderToObject.csproj", "{FE25D9F7-8B13-4012-A9B9-2697A7B292C7}"
EndProject
Project("{FAE04EC0-301F-11D3-BF4B-00C04F79EFBC}") = "SqlDataReaderToObject.Tests", "SqlDataReaderToObject.Tests\SqlDataReaderToObject.Tests.csproj", "{DAA8390E-9829-45B2-BF92-78F4A9F99336}"
EndProject
Global
	GlobalSection(SolutionConfigurationPlatforms) = preSolution
		Debug|Any CPU = Debug|Any CPU
		Release|Any CPU = Release|Any CPU
	EndGlobalSection
	GlobalSection(ProjectConfigurationPlatforms) = postSolution
		{FE25D9F7-8B13-4012-A9B9-2697A7B292C7}.Debug|Any CPU.ActiveCfg = Debug|Any CPU
		{FE25D9F7-8B13-4012-A9B9-2697A7B292C7}.Debug|Any CPU.Build.0 = Debug|Any CPU
		{FE25D9F7-8B13-4012-A9B9-2697A7B292C7}.Release|Any CPU.ActiveCfg = Release|Any CPU
		{FE25D9F7-8B13-4012-A9B9-2697A7B292C7}.Release|Any CPU.Build.0 = Release|Any CPU
		{DAA8390E-9829-45B2-BF92-78F4A9F99336}.Debug|Any CPU.ActiveCfg = Debug|Any CPU
		{DAA8390E-9829-45B2-BF92-78F4A9F99336}.Debug|Any CPU.Build.0 = Debug|Any CPU
		{DAA8390E-9829-45B2-BF92-78F4A9F99336}.Release|Any CPU.ActiveCfg = Release|Any CPU
		{DAA8390E-9829-45B2-BF92-78F4A9F99336}.Release|Any CPU.Build.0 = Release|Any CPU
	EndGlobalSection
	GlobalSection(SolutionProperties) = preSolution
		HideSolutionNode = FALSE
	EndGlobalSection
EndGlobal
